#MicroXplorer Configuration settings - do not modify
CAD.formats=
CAD.pinconfig=
CAD.provider=
File.Version=6
GPIO.groupedBy=Group By Peripherals
KeepUserPlacement=false
Mcu.CPN=STM32WLE5CCU6
Mcu.Family=STM32WL
Mcu.IP0=ADV_TRACE
Mcu.IP1=DEBUG
Mcu.IP10=SYS
Mcu.IP11=TIM2
Mcu.IP12=TIMER
Mcu.IP13=TINY_LPM
Mcu.IP14=USART2
Mcu.IP2=MISC
Mcu.IP3=NVIC
Mcu.IP4=RCC
Mcu.IP5=RTC
Mcu.IP6=SEQUENCER
Mcu.IP7=SPI1
Mcu.IP8=SUBGHZ
Mcu.IP9=SUBGHZ_PHY
Mcu.IPNb=15
Mcu.Name=STM32WLE5CCUx
Mcu.Package=UFQFPN48
Mcu.Pin0=PB3
Mcu.Pin1=PB4
Mcu.Pin10=PA13
Mcu.Pin11=PA14
Mcu.Pin12=VP_ADV_TRACE_VS_ADV_TRACE
Mcu.Pin13=VP_MISC_VS_MISC
Mcu.Pin14=VP_RTC_VS_RTC_Activate
Mcu.Pin15=VP_RTC_VS_RTC_Calendar
Mcu.Pin16=VP_RTC_VS_RTC_Alarm_A_Intern
Mcu.Pin17=VP_SEQUENCER_VS_SEQUENCER
Mcu.Pin18=VP_SUBGHZ_VS_SUBGHZ
Mcu.Pin19=VP_SUBGHZ_PHY_VS_SubGhzPhy
Mcu.Pin2=PB5
Mcu.Pin20=VP_SYS_VS_Systick
Mcu.Pin21=VP_TIM2_VS_ClockSourceINT
Mcu.Pin22=VP_TIMER_VS_TIMER
Mcu.Pin23=VP_TINY_LPM_VS_TINY_LPM
Mcu.Pin3=PA0
Mcu.Pin4=PA1
Mcu.Pin5=PA2
Mcu.Pin6=PA3
Mcu.Pin7=PA9
Mcu.Pin8=OSC_IN
Mcu.Pin9=OSC_OUT
Mcu.PinsNb=24
Mcu.ThirdPartyNb=0
Mcu.UserConstants=
Mcu.UserName=STM32WLE5CCUx
MxCube.Version=6.17.0
MxDb.Version=DB.6.0.170
NVIC.BusFault_IRQn=true\:0\:0\:false\:false\:true\:false\:false\:false
NVIC.DebugMonitor_IRQn=true\:0\:0\:false\:false\:true\:false\:false\:false
NVIC.ForceEnableDMAVector=true
NVIC.HardFault_IRQn=true\:0\:0\:false\:false\:true\:false\:false\:false
NVIC.MemoryManagement_IRQn=true\:0\:0\:false\:false\:true\:false\:false\:false
NVIC.NonMaskableInt_IRQn=true\:0\:0\:false\:false\:true\:false\:false\:false
NVIC.PendSV_IRQn=true\:0\:0\:false\:false\:true\:false\:false\:false
NVIC.PriorityGroup=NVIC_PRIORITYGROUP_4
NVIC.SPI1_IRQn=true\:0\:0\:false\:false\:true\:true\:true\:true
NVIC.SVCall_IRQn=true\:0\:0\:false\:false\:true\:false\:false\:false
NVIC.SysTick_IRQn=true\:15\:0\:false\:false\:true\:false\:true\:false
NVIC.TIM2_IRQn=true\:0\:0\:false\:false\:true\:true\:true\:true
NVIC.UsageFault_IRQn=true\:0\:0\:false\:false\:true\:false\:false\:false
OSC_IN.Mode=HSE-External-Oscillator
OSC_IN.Signal=RCC_OSC_IN
OSC_OUT.Mode=HSE-External-Oscillator
OSC_OUT.Signal=RCC_OSC_OUT
PA0.GPIOParameters=GPIO_Label,GPIO_ModeDefaultEXTI
PA0.GPIO_Label=SPI1_CS
PA0.GPIO_ModeDefaultEXTI=GPIO_MODE_IT_RISING_FALLING
PA0.Locked=true
PA0.Signal=GPXTI0
PA1.Mode=Full_Duplex_Slave
PA1.Signal=SPI1_SCK
PA13.Mode=Trace_Asynchronous_SW
PA13.Signal=DEBUG_JTMS-SWDIO
PA14.Mode=Trace_Asynchronous_SW
PA14.Signal=DEBUG_JTCK-SWCLK
PA2.Mode=Asynchronous
PA2.Signal=USART2_TX
PA3.Mode=Asynchronous
PA3.Signal=USART2_RX
PA9.GPIOParameters=GPIO_Label
PA9.GPIO_Label=RF_CRL_TO_STM32
PA9.Locked=true
PA9.Signal=GPIO_Output
PB3.Mode=Trace_Asynchronous_SW
PB3.Signal=DEBUG_JTDO-SWO
PB4.Mode=Full_Duplex_Slave
PB4.Signal=SPI1_MISO
PB5.Mode=Full_Duplex_Slave
PB5.Signal=SPI1_MOSI
PCC.SUBGHZ.FrequencyBand=High
PCC.SUBGHZ.Modulation=FSK
PCC.SUBGHZ.OptionalSettings=false
PCC.SUBGHZ.Output.Power=14
PCC.SUBGHZ.PowerAmplifier=Low Power
PCC.SUBGHZ.RxBoosted=false
PCC.SUBGHZ.SMPS=Off
PinOutPanel.RotationAngle=0
ProjectManager.AskForMigrate=true
ProjectManager.BackupPrevious=false
ProjectManager.CompilerLinker=GCC
ProjectManager.CompilerOptimize=6
ProjectManager.ComputerToolchain=false
ProjectManager.CoupleFile=true
ProjectManager.CustomerFirmwarePackage=
ProjectManager.DefaultFWLocation=true
ProjectManager.DeletePrevious=true
ProjectManager.DeviceId=STM32WLE5CCUx
ProjectManager.FirmwarePackage=STM32Cube FW_WL V1.5.0
ProjectManager.FreePins=false
ProjectManager.FreePinsContext=
ProjectManager.HalAssertFull=false
ProjectManager.HeapSize=0x200
ProjectManager.KeepUserCode=true
ProjectManager.LastFirmware=true
ProjectManager.LibraryCopy=2
ProjectManager.MainLocation=Core/Src
ProjectManager.NoMain=false
ProjectManager.PreviousToolchain=STM32CubeIDE
ProjectManager.ProjectBuild=false
ProjectManager.ProjectFileName=test1_433.ioc
ProjectManager.ProjectName=test1_433
ProjectManager.ProjectStructure=
ProjectManager.RegisterCallBack=
ProjectManager.StackSize=0x400
ProjectManager.TargetToolchain=STM32CubeIDE
ProjectManager.ToolChainLocation=
ProjectManager.UAScriptAfterPath=
ProjectManager.UAScriptBeforePath=
ProjectManager.UnderRoot=true
ProjectManager.functionlistsort=1-SystemClock_Config-RCC-false-HAL-false,2-MX_GPIO_Init-GPIO-false-HAL-true,3-MX_SPI1_Init-SPI1-false-HAL-true,4-MX_USART1_UART_Init-USART1-false-HAL-true,5-MX_TIM2_Init-TIM2-false-HAL-true,6-MX_RTC_Init-RTC-true-HAL-false,7-MX_SUBGHZ_Init-SUBGHZ-true-HAL-false,8-MX_SubGHz_Phy_Init-SUBGHZ_PHY-false-HAL-false
RCC.AHBFreq_Value=48000000
RCC.APB1Freq_Value=48000000
RCC.APB1TimFreq_Value=48000000
RCC.APB2Freq_Value=48000000
RCC.APB2TimFreq_Value=48000000
RCC.APB3Freq_Value=48000000
RCC.CortexFreq_Value=48000000
RCC.FCLKCortexFreq_Value=48000000
RCC.FamilyName=M
RCC.HCLK3Freq_Value=48000000
RCC.HCLKFreq_Value=48000000
RCC.HSE_VALUE=32000000
RCC.HSI_VALUE=16000000
RCC.I2C1Freq_Value=48000000
RCC.I2C2Freq_Value=48000000
RCC.I2C3Freq_Value=48000000
RCC.I2S2Freq_Value=16000000
RCC.IPParameters=AHBFreq_Value,APB1Freq_Value,APB1TimFreq_Value,APB2Freq_Value,APB2TimFreq_Value,APB3Freq_Value,CortexFreq_Value,FCLKCortexFreq_Value,FamilyName,HCLK3Freq_Value,HCLKFreq_Value,HSE_VALUE,HSI_VALUE,I2C1Freq_Value,I2C2Freq_Value,I2C3Freq_Value,I2S2Freq_Value,LPTIM1Freq_Value,LPTIM2Freq_Value,LPTIM3Freq_Value,LPUART1Freq_Value,LSCOPinFreq_Value,LSE_VALUE,MCO1PinFreq_Value,PLLM,PLLN,PLLPoutputFreq_Value,PLLQoutputFreq_Value,PLLRCLKFreq_Value,PLLSourceVirtual,PWRFreq_Value,RNGFreq_Value,SYSCLKFreq_VALUE,SYSCLKSource,USART1Freq_Value,USART2Freq_Value,VCOInputFreq_Value,VCOOutputFreq_Value
RCC.LPTIM1Freq_Value=48000000
RCC.LPTIM2Freq_Value=48000000
RCC.LPTIM3Freq_Value=48000000
RCC.LPUART1Freq_Value=48000000
RCC.LSCOPinFreq_Value=32000
RCC.LSE_VALUE=32768
RCC.MCO1PinFreq_Value=48000000
RCC.PLLM=RCC_PLLM_DIV2
RCC.PLLN=6
RCC.PLLPoutputFreq_Value=48000000
RCC.PLLQoutputFreq_Value=48000000
RCC.PLLRCLKFreq_Value=48000000
RCC.PLLSourceVirtual=RCC_PLLSOURCE_HSE
RCC.PWRFreq_Value=48000000
RCC.RNGFreq_Value=32000
RCC.SYSCLKFreq_VALUE=48000000
RCC.SYSCLKSource=RCC_SYSCLKSOURCE_PLLCLK
RCC.USART1Freq_Value=48000000
RCC.USART2Freq_Value=48000000
RCC.VCOInputFreq_Value=16000000
RCC.VCOOutputFreq_Value=96000000
RTC.Alarm-Alarm\ A=RTC_ALARM_A
RTC.IPParameters=Alarm-Alarm A
SH.GPXTI0.0=GPIO_EXTI0
SH.GPXTI0.ConfNb=1
SPI1.DataSize=SPI_DATASIZE_8BIT
SPI1.Direction=SPI_DIRECTION_2LINES
SPI1.IPParameters=VirtualType,Mode,Direction,DataSize
SPI1.Mode=SPI_MODE_SLAVE
SPI1.VirtualType=VM_SLAVE
SUBGHZ_PHY.FSK_DATARATE=1200
SUBGHZ_PHY.IPParameters=SUBGHZ_APPLICATION,MODEM_USED,RF_FREQUENCY,LOW_POWER_DISABLE,TX_RFO_CONFIG,FSK_DATARATE
SUBGHZ_PHY.LOW_POWER_DISABLE=true
SUBGHZ_PHY.MODEM_USED=USE_MODEM_FSK
SUBGHZ_PHY.RF_FREQUENCY=433200000
SUBGHZ_PHY.SUBGHZ_APPLICATION=SUBGHZ_ADV_APPLICATION
SUBGHZ_PHY.TX_RFO_CONFIG=RBI_CONF_RFO_HP
SubGHz_Phy.BSP.number=2
SubGHz_Phy0.BSP.STBoard=false
SubGHz_Phy0.BSP.api=Unknown
SubGHz_Phy0.BSP.component=
SubGHz_Phy0.BSP.condition=\!SEM_SUBGHZ_USER_APPLICATION | SEM_SUBGHZ_USE_RTC
SubGHz_Phy0.BSP.instance=RTC
SubGHz_Phy0.BSP.ip=RTC
SubGHz_Phy0.BSP.mode=RTC Enabled
SubGHz_Phy0.BSP.name=RTC
SubGHz_Phy0.BSP.semaphore=
SubGHz_Phy0.BSP.solution=RTC
SubGHz_Phy1.BSP.STBoard=false
SubGHz_Phy1.BSP.api=Unknown
SubGHz_Phy1.BSP.component=
SubGHz_Phy1.BSP.condition=\!SEM_SUBGHZ_USER_APPLICATION | SEM_SUBGHZ_USE_UART
SubGHz_Phy1.BSP.instance=USART2
SubGHz_Phy1.BSP.ip=(LPU|US)ART
SubGHz_Phy1.BSP.mode=Asynchronous
SubGHz_Phy1.BSP.name=USART
SubGHz_Phy1.BSP.semaphore=
SubGHz_Phy1.BSP.solution=USART2
TIM2.AutoReloadPreload=TIM_AUTORELOAD_PRELOAD_ENABLE
TIM2.IPParameters=Period,AutoReloadPreload
TIM2.Period=4999
USART2.IPParameters=VirtualMode-Asynchronous
USART2.VirtualMode-Asynchronous=VM_ASYNC
VP_ADV_TRACE_VS_ADV_TRACE.Mode=ADV_TRACE_Enabled
VP_ADV_TRACE_VS_ADV_TRACE.Signal=ADV_TRACE_VS_ADV_TRACE
VP_MISC_VS_MISC.Mode=MISC_Enabled
VP_MISC_VS_MISC.Signal=MISC_VS_MISC
VP_RTC_VS_RTC_Activate.Mode=RTC_Enabled
VP_RTC_VS_RTC_Activate.Signal=RTC_VS_RTC_Activate
VP_RTC_VS_RTC_Alarm_A_Intern.Mode=Alarm A
VP_RTC_VS_RTC_Alarm_A_Intern.Signal=RTC_VS_RTC_Alarm_A_Intern
VP_RTC_VS_RTC_Calendar.Mode=RTC_Calendar
VP_RTC_VS_RTC_Calendar.Signal=RTC_VS_RTC_Calendar
VP_SEQUENCER_VS_SEQUENCER.Mode=SEQUENCER_Enabled
VP_SEQUENCER_VS_SEQUENCER.Signal=SEQUENCER_VS_SEQUENCER
VP_SUBGHZ_PHY_VS_SubGhzPhy.Mode=SubGhzPhy_Enabled
VP_SUBGHZ_PHY_VS_SubGhzPhy.Signal=SUBGHZ_PHY_VS_SubGhzPhy
VP_SUBGHZ_VS_SUBGHZ.Mode=SUBGHZ_Activate
VP_SUBGHZ_VS_SUBGHZ.Signal=SUBGHZ_VS_SUBGHZ
VP_SYS_VS_Systick.Mode=SysTick
VP_SYS_VS_Systick.Signal=SYS_VS_Systick
VP_TIM2_VS_ClockSourceINT.Mode=Internal
VP_TIM2_VS_ClockSourceINT.Signal=TIM2_VS_ClockSourceINT
VP_TIMER_VS_TIMER.Mode=TIMER_Enabled
VP_TIMER_VS_TIMER.Signal=TIMER_VS_TIMER
VP_TINY_LPM_VS_TINY_LPM.Mode=TINY_LPM_Enabled
VP_TINY_LPM_VS_TINY_LPM.Signal=TINY_LPM_VS_TINY_LPM
board=custom
